// !$*UTF8*$!
{
	archiveVersion = 1;
	classes = {
	};
	objectVersion = 56;
	objects = {

/* Begin PBXBuildFile section */
		87D7C81A2AFEEFEE001CC081 /* RecipeApp.swift in Sources */ = {isa = PBXBuildFile; fileRef = 87D7C8192AFEEFEE001CC081 /* RecipeApp.swift */; };
		87D7C81C2AFEEFEE001CC081 /* HomeView.swift in Sources */ = {isa = PBXBuildFile; fileRef = 87D7C81B2AFEEFEE001CC081 /* HomeView.swift */; };
		87D7C81E2AFEEFEE001CC081 /* Food.swift in Sources */ = {isa = PBXBuildFile; fileRef = 87D7C81D2AFEEFEE001CC081 /* Food.swift */; };
		87D7C8202AFEEFEF001CC081 /* Assets.xcassets in Resources */ = {isa = PBXBuildFile; fileRef = 87D7C81F2AFEEFEF001CC081 /* Assets.xcassets */; };
		87D7C8232AFEEFEF001CC081 /* Preview Assets.xcassets in Resources */ = {isa = PBXBuildFile; fileRef = 87D7C8222AFEEFEF001CC081 /* Preview Assets.xcassets */; };
		87D7C82D2AFEEFF0001CC081 /* RecipeTests.swift in Sources */ = {isa = PBXBuildFile; fileRef = 87D7C82C2AFEEFF0001CC081 /* RecipeTests.swift */; };
		87D7C8372AFEEFF0001CC081 /* RecipeUITests.swift in Sources */ = {isa = PBXBuildFile; fileRef = 87D7C8362AFEEFF0001CC081 /* RecipeUITests.swift */; };
		87D7C8392AFEEFF0001CC081 /* RecipeUITestsLaunchTests.swift in Sources */ = {isa = PBXBuildFile; fileRef = 87D7C8382AFEEFF0001CC081 /* RecipeUITestsLaunchTests.swift */; };
		87D7C8462AFEF56A001CC081 /* FoodValuesCollection.swift in Sources */ = {isa = PBXBuildFile; fileRef = 87D7C8452AFEF56A001CC081 /* FoodValuesCollection.swift */; };
		87D7C8482AFEF61E001CC081 /* FoodAppErrors.swift in Sources */ = {isa = PBXBuildFile; fileRef = 87D7C8472AFEF61E001CC081 /* FoodAppErrors.swift */; };
		87D7C84A2AFEF670001CC081 /* FoodDatabaseAPI.swift in Sources */ = {isa = PBXBuildFile; fileRef = 87D7C8492AFEF670001CC081 /* FoodDatabaseAPI.swift */; };
		87D7C84C2AFEF710001CC081 /* ItemView.swift in Sources */ = {isa = PBXBuildFile; fileRef = 87D7C84B2AFEF710001CC081 /* ItemView.swift */; };
		87D7C84E2AFEF74D001CC081 /* FoodDetailedView.swift in Sources */ = {isa = PBXBuildFile; fileRef = 87D7C84D2AFEF74D001CC081 /* FoodDetailedView.swift */; };
/* End PBXBuildFile section */

/* Begin PBXContainerItemProxy section */
		87D7C8292AFEEFF0001CC081 /* PBXContainerItemProxy */ = {
			isa = PBXContainerItemProxy;
			containerPortal = 87D7C80E2AFEEFEE001CC081 /* Project object */;
			proxyType = 1;
			remoteGlobalIDString = 87D7C8152AFEEFEE001CC081;
			remoteInfo = Recipe;
		};
		87D7C8332AFEEFF0001CC081 /* PBXContainerItemProxy */ = {
			isa = PBXContainerItemProxy;
			containerPortal = 87D7C80E2AFEEFEE001CC081 /* Project object */;
			proxyType = 1;
			remoteGlobalIDString = 87D7C8152AFEEFEE001CC081;
			remoteInfo = Recipe;
		};
/* End PBXContainerItemProxy section */

/* Begin PBXFileReference section */
		87D7C8162AFEEFEE001CC081 /* Recipe.app */ = {isa = PBXFileReference; explicitFileType = wrapper.application; includeInIndex = 0; path = Recipe.app; sourceTree = BUILT_PRODUCTS_DIR; };
		87D7C8192AFEEFEE001CC081 /* RecipeApp.swift */ = {isa = PBXFileReference; lastKnownFileType = sourcecode.swift; path = RecipeApp.swift; sourceTree = "<group>"; };
		87D7C81B2AFEEFEE001CC081 /* HomeView.swift */ = {isa = PBXFileReference; lastKnownFileType = sourcecode.swift; path = HomeView.swift; sourceTree = "<group>"; };
		87D7C81D2AFEEFEE001CC081 /* Food.swift */ = {isa = PBXFileReference; lastKnownFileType = sourcecode.swift; path = Food.swift; sourceTree = "<group>"; };
		87D7C81F2AFEEFEF001CC081 /* Assets.xcassets */ = {isa = PBXFileReference; lastKnownFileType = folder.assetcatalog; path = Assets.xcassets; sourceTree = "<group>"; };
		87D7C8222AFEEFEF001CC081 /* Preview Assets.xcassets */ = {isa = PBXFileReference; lastKnownFileType = folder.assetcatalog; path = "Preview Assets.xcassets"; sourceTree = "<group>"; };
		87D7C8282AFEEFF0001CC081 /* RecipeTests.xctest */ = {isa = PBXFileReference; explicitFileType = wrapper.cfbundle; includeInIndex = 0; path = RecipeTests.xctest; sourceTree = BUILT_PRODUCTS_DIR; };
		87D7C82C2AFEEFF0001CC081 /* RecipeTests.swift */ = {isa = PBXFileReference; lastKnownFileType = sourcecode.swift; path = RecipeTests.swift; sourceTree = "<group>"; };
		87D7C8322AFEEFF0001CC081 /* RecipeUITests.xctest */ = {isa = PBXFileReference; explicitFileType = wrapper.cfbundle; includeInIndex = 0; path = RecipeUITests.xctest; sourceTree = BUILT_PRODUCTS_DIR; };
		87D7C8362AFEEFF0001CC081 /* RecipeUITests.swift */ = {isa = PBXFileReference; lastKnownFileType = sourcecode.swift; path = RecipeUITests.swift; sourceTree = "<group>"; };
		87D7C8382AFEEFF0001CC081 /* RecipeUITestsLaunchTests.swift */ = {isa = PBXFileReference; lastKnownFileType = sourcecode.swift; path = RecipeUITestsLaunchTests.swift; sourceTree = "<group>"; };
		87D7C8452AFEF56A001CC081 /* FoodValuesCollection.swift */ = {isa = PBXFileReference; lastKnownFileType = sourcecode.swift; path = FoodValuesCollection.swift; sourceTree = "<group>"; };
		87D7C8472AFEF61E001CC081 /* FoodAppErrors.swift */ = {isa = PBXFileReference; lastKnownFileType = sourcecode.swift; path = FoodAppErrors.swift; sourceTree = "<group>"; };
		87D7C8492AFEF670001CC081 /* FoodDatabaseAPI.swift */ = {isa = PBXFileReference; lastKnownFileType = sourcecode.swift; path = FoodDatabaseAPI.swift; sourceTree = "<group>"; };
		87D7C84B2AFEF710001CC081 /* ItemView.swift */ = {isa = PBXFileReference; lastKnownFileType = sourcecode.swift; path = ItemView.swift; sourceTree = "<group>"; };
		87D7C84D2AFEF74D001CC081 /* FoodDetailedView.swift */ = {isa = PBXFileReference; lastKnownFileType = sourcecode.swift; path = FoodDetailedView.swift; sourceTree = "<group>"; };
/* End PBXFileReference section */

/* Begin PBXFrameworksBuildPhase section */
		87D7C8132AFEEFEE001CC081 /* Frameworks */ = {
			isa = PBXFrameworksBuildPhase;
			buildActionMask = 2147483647;
			files = (
			);
			runOnlyForDeploymentPostprocessing = 0;
		};
		87D7C8252AFEEFF0001CC081 /* Frameworks */ = {
			isa = PBXFrameworksBuildPhase;
			buildActionMask = 2147483647;
			files = (
			);
			runOnlyForDeploymentPostprocessing = 0;
		};
		87D7C82F2AFEEFF0001CC081 /* Frameworks */ = {
			isa = PBXFrameworksBuildPhase;
			buildActionMask = 2147483647;
			files = (
			);
			runOnlyForDeploymentPostprocessing = 0;
		};
/* End PBXFrameworksBuildPhase section */

/* Begin PBXGroup section */
		87D7C80D2AFEEFEE001CC081 = {
			isa = PBXGroup;
			children = (
				87D7C8182AFEEFEE001CC081 /* Recipe */,
				87D7C82B2AFEEFF0001CC081 /* RecipeTests */,
				87D7C8352AFEEFF0001CC081 /* RecipeUITests */,
				87D7C8172AFEEFEE001CC081 /* Products */,
			);
			sourceTree = "<group>";
		};
		87D7C8172AFEEFEE001CC081 /* Products */ = {
			isa = PBXGroup;
			children = (
				87D7C8162AFEEFEE001CC081 /* Recipe.app */,
				87D7C8282AFEEFF0001CC081 /* RecipeTests.xctest */,
				87D7C8322AFEEFF0001CC081 /* RecipeUITests.xctest */,
			);
			name = Products;
			sourceTree = "<group>";
		};
		87D7C8182AFEEFEE001CC081 /* Recipe */ = {
			isa = PBXGroup;
			children = (
				87D7C8192AFEEFEE001CC081 /* RecipeApp.swift */,
				87D7C81B2AFEEFEE001CC081 /* HomeView.swift */,
				87D7C84D2AFEF74D001CC081 /* FoodDetailedView.swift */,
				87D7C81D2AFEEFEE001CC081 /* Food.swift */,
				87D7C84B2AFEF710001CC081 /* ItemView.swift */,
				87D7C8452AFEF56A001CC081 /* FoodValuesCollection.swift */,
				87D7C8492AFEF670001CC081 /* FoodDatabaseAPI.swift */,
				87D7C8472AFEF61E001CC081 /* FoodAppErrors.swift */,
				87D7C81F2AFEEFEF001CC081 /* Assets.xcassets */,
				87D7C8212AFEEFEF001CC081 /* Preview Content */,
			);
			path = Recipe;
			sourceTree = "<group>";
		};
		87D7C8212AFEEFEF001CC081 /* Preview Content */ = {
			isa = PBXGroup;
			children = (
				87D7C8222AFEEFEF001CC081 /* Preview Assets.xcassets */,
			);
			path = "Preview Content";
			sourceTree = "<group>";
		};
		87D7C82B2AFEEFF0001CC081 /* RecipeTests */ = {
			isa = PBXGroup;
			children = (
				87D7C82C2AFEEFF0001CC081 /* RecipeTests.swift */,
			);
			path = RecipeTests;
			sourceTree = "<group>";
		};
		87D7C8352AFEEFF0001CC081 /* RecipeUITests */ = {
			isa = PBXGroup;
			children = (
				87D7C8362AFEEFF0001CC081 /* RecipeUITests.swift */,
				87D7C8382AFEEFF0001CC081 /* RecipeUITestsLaunchTests.swift */,
			);
			path = RecipeUITests;
			sourceTree = "<group>";
		};
/* End PBXGroup section */

/* Begin PBXNativeTarget section */
		87D7C8152AFEEFEE001CC081 /* Recipe */ = {
			isa = PBXNativeTarget;
			buildConfigurationList = 87D7C83C2AFEEFF0001CC081 /* Build configuration list for PBXNativeTarget "Recipe" */;
			buildPhases = (
				87D7C8122AFEEFEE001CC081 /* Sources */,
				87D7C8132AFEEFEE001CC081 /* Frameworks */,
				87D7C8142AFEEFEE001CC081 /* Resources */,
			);
			buildRules = (
			);
			dependencies = (
			);
			name = Recipe;
			productName = Recipe;
			productReference = 87D7C8162AFEEFEE001CC081 /* Recipe.app */;
			productType = "com.apple.product-type.application";
		};
		87D7C8272AFEEFF0001CC081 /* RecipeTests */ = {
			isa = PBXNativeTarget;
			buildConfigurationList = 87D7C83F2AFEEFF0001CC081 /* Build configuration list for PBXNativeTarget "RecipeTests" */;
			buildPhases = (
				87D7C8242AFEEFF0001CC081 /* Sources */,
				87D7C8252AFEEFF0001CC081 /* Frameworks */,
				87D7C8262AFEEFF0001CC081 /* Resources */,
			);
			buildRules = (
			);
			dependencies = (
				87D7C82A2AFEEFF0001CC081 /* PBXTargetDependency */,
			);
			name = RecipeTests;
			productName = RecipeTests;
			productReference = 87D7C8282AFEEFF0001CC081 /* RecipeTests.xctest */;
			productType = "com.apple.product-type.bundle.unit-test";
		};
		87D7C8312AFEEFF0001CC081 /* RecipeUITests */ = {
			isa = PBXNativeTarget;
			buildConfigurationList = 87D7C8422AFEEFF0001CC081 /* Build configuration list for PBXNativeTarget "RecipeUITests" */;
			buildPhases = (
				87D7C82E2AFEEFF0001CC081 /* Sources */,
				87D7C82F2AFEEFF0001CC081 /* Frameworks */,
				87D7C8302AFEEFF0001CC081 /* Resources */,
			);
			buildRules = (
			);
			dependencies = (
				87D7C8342AFEEFF0001CC081 /* PBXTargetDependency */,
			);
			name = RecipeUITests;
			productName = RecipeUITests;
			productReference = 87D7C8322AFEEFF0001CC081 /* RecipeUITests.xctest */;
			productType = "com.apple.product-type.bundle.ui-testing";
		};
/* End PBXNativeTarget section */

/* Begin PBXProject section */
		87D7C80E2AFEEFEE001CC081 /* Project object */ = {
			isa = PBXProject;
			attributes = {
				BuildIndependentTargetsInParallel = 1;
				LastSwiftUpdateCheck = 1500;
				LastUpgradeCheck = 1500;
				TargetAttributes = {
					87D7C8152AFEEFEE001CC081 = {
						CreatedOnToolsVersion = 15.0.1;
					};
					87D7C8272AFEEFF0001CC081 = {
						CreatedOnToolsVersion = 15.0.1;
						TestTargetID = 87D7C8152AFEEFEE001CC081;
					};
					87D7C8312AFEEFF0001CC081 = {
						CreatedOnToolsVersion = 15.0.1;
						TestTargetID = 87D7C8152AFEEFEE001CC081;
					};
				};
			};
			buildConfigurationList = 87D7C8112AFEEFEE001CC081 /* Build configuration list for PBXProject "Recipe" */;
			compatibilityVersion = "Xcode 14.0";
			developmentRegion = en;
			hasScannedForEncodings = 0;
			knownRegions = (
				en,
				Base,
			);
			mainGroup = 87D7C80D2AFEEFEE001CC081;
			productRefGroup = 87D7C8172AFEEFEE001CC081 /* Products */;
			projectDirPath = "";
			projectRoot = "";
			targets = (
				87D7C8152AFEEFEE001CC081 /* Recipe */,
				87D7C8272AFEEFF0001CC081 /* RecipeTests */,
				87D7C8312AFEEFF0001CC081 /* RecipeUITests */,
			);
		};
/* End PBXProject section */

/* Begin PBXResourcesBuildPhase section */
		87D7C8142AFEEFEE001CC081 /* Resources */ = {
			isa = PBXResourcesBuildPhase;
			buildActionMask = 2147483647;
			files = (
				87D7C8232AFEEFEF001CC081 /* Preview Assets.xcassets in Resources */,
				87D7C8202AFEEFEF001CC081 /* Assets.xcassets in Resources */,
			);
			runOnlyForDeploymentPostprocessing = 0;
		};
		87D7C8262AFEEFF0001CC081 /* Resources */ = {
			isa = PBXResourcesBuildPhase;
			buildActionMask = 2147483647;
			files = (
			);
			runOnlyForDeploymentPostprocessing = 0;
		};
		87D7C8302AFEEFF0001CC081 /* Resources */ = {
			isa = PBXResourcesBuildPhase;
			buildActionMask = 2147483647;
			files = (
			);
			runOnlyForDeploymentPostprocessing = 0;
		};
/* End PBXResourcesBuildPhase section */

/* Begin PBXSourcesBuildPhase section */
		87D7C8122AFEEFEE001CC081 /* Sources */ = {
			isa = PBXSourcesBuildPhase;
			buildActionMask = 2147483647;
			files = (
				87D7C84E2AFEF74D001CC081 /* FoodDetailedView.swift in Sources */,
				87D7C8482AFEF61E001CC081 /* FoodAppErrors.swift in Sources */,
				87D7C81C2AFEEFEE001CC081 /* HomeView.swift in Sources */,
				87D7C8462AFEF56A001CC081 /* FoodValuesCollection.swift in Sources */,
				87D7C81E2AFEEFEE001CC081 /* Food.swift in Sources */,
				87D7C84C2AFEF710001CC081 /* ItemView.swift in Sources */,
				87D7C81A2AFEEFEE001CC081 /* RecipeApp.swift in Sources */,
				87D7C84A2AFEF670001CC081 /* FoodDatabaseAPI.swift in Sources */,
			);
			runOnlyForDeploymentPostprocessing = 0;
		};
		87D7C8242AFEEFF0001CC081 /* Sources */ = {
			isa = PBXSourcesBuildPhase;
			buildActionMask = 2147483647;
			files = (
				87D7C82D2AFEEFF0001CC081 /* RecipeTests.swift in Sources */,
			);
			runOnlyForDeploymentPostprocessing = 0;
		};
		87D7C82E2AFEEFF0001CC081 /* Sources */ = {
			isa = PBXSourcesBuildPhase;
			buildActionMask = 2147483647;
			files = (
				87D7C8392AFEEFF0001CC081 /* RecipeUITestsLaunchTests.swift in Sources */,
				87D7C8372AFEEFF0001CC081 /* RecipeUITests.swift in Sources */,
			);
			runOnlyForDeploymentPostprocessing = 0;
		};
/* End PBXSourcesBuildPhase section */

/* Begin PBXTargetDependency section */
		87D7C82A2AFEEFF0001CC081 /* PBXTargetDependency */ = {
			isa = PBXTargetDependency;
			target = 87D7C8152AFEEFEE001CC081 /* Recipe */;
			targetProxy = 87D7C8292AFEEFF0001CC081 /* PBXContainerItemProxy */;
		};
		87D7C8342AFEEFF0001CC081 /* PBXTargetDependency */ = {
			isa = PBXTargetDependency;
			target = 87D7C8152AFEEFEE001CC081 /* Recipe */;
			targetProxy = 87D7C8332AFEEFF0001CC081 /* PBXContainerItemProxy */;
		};
/* End PBXTargetDependency section */

/* Begin XCBuildConfiguration section */
		87D7C83A2AFEEFF0001CC081 /* Debug */ = {
			isa = XCBuildConfiguration;
			buildSettings = {
				ALWAYS_SEARCH_USER_PATHS = NO;
				ASSETCATALOG_COMPILER_GENERATE_SWIFT_ASSET_SYMBOL_EXTENSIONS = YES;
				CLANG_ANALYZER_NONNULL = YES;
				CLANG_ANALYZER_NUMBER_OBJECT_CONVERSION = YES_AGGRESSIVE;
				CLANG_CXX_LANGUAGE_STANDARD = "gnu++20";
				CLANG_ENABLE_MODULES = YES;
				CLANG_ENABLE_OBJC_ARC = YES;
				CLANG_ENABLE_OBJC_WEAK = YES;
				CLANG_WARN_BLOCK_CAPTURE_AUTORELEASING = YES;
				CLANG_WARN_BOOL_CONVERSION = YES;
				CLANG_WARN_COMMA = YES;
				CLANG_WARN_CONSTANT_CONVERSION = YES;
				CLANG_WARN_DEPRECATED_OBJC_IMPLEMENTATIONS = YES;
				CLANG_WARN_DIRECT_OBJC_ISA_USAGE = YES_ERROR;
				CLANG_WARN_DOCUMENTATION_COMMENTS = YES;
				CLANG_WARN_EMPTY_BODY = YES;
				CLANG_WARN_ENUM_CONVERSION = YES;
				CLANG_WARN_INFINITE_RECURSION = YES;
				CLANG_WARN_INT_CONVERSION = YES;
				CLANG_WARN_NON_LITERAL_NULL_CONVERSION = YES;
				CLANG_WARN_OBJC_IMPLICIT_RETAIN_SELF = YES;
				CLANG_WARN_OBJC_LITERAL_CONVERSION = YES;
				CLANG_WARN_OBJC_ROOT_CLASS = YES_ERROR;
				CLANG_WARN_QUOTED_INCLUDE_IN_FRAMEWORK_HEADER = YES;
				CLANG_WARN_RANGE_LOOP_ANALYSIS = YES;
				CLANG_WARN_STRICT_PROTOTYPES = YES;
				CLANG_WARN_SUSPICIOUS_MOVE = YES;
				CLANG_WARN_UNGUARDED_AVAILABILITY = YES_AGGRESSIVE;
				CLANG_WARN_UNREACHABLE_CODE = YES;
				CLANG_WARN__DUPLICATE_METHOD_MATCH = YES;
				COPY_PHASE_STRIP = NO;
				DEBUG_INFORMATION_FORMAT = dwarf;
				ENABLE_STRICT_OBJC_MSGSEND = YES;
				ENABLE_TESTABILITY = YES;
				ENABLE_USER_SCRIPT_SANDBOXING = YES;
				GCC_C_LANGUAGE_STANDARD = gnu17;
				GCC_DYNAMIC_NO_PIC = NO;
				GCC_NO_COMMON_BLOCKS = YES;
				GCC_OPTIMIZATION_LEVEL = 0;
				GCC_PREPROCESSOR_DEFINITIONS = (
					"DEBUG=1",
					"$(inherited)",
				);
				GCC_WARN_64_TO_32_BIT_CONVERSION = YES;
				GCC_WARN_ABOUT_RETURN_TYPE = YES_ERROR;
				GCC_WARN_UNDECLARED_SELECTOR = YES;
				GCC_WARN_UNINITIALIZED_AUTOS = YES_AGGRESSIVE;
				GCC_WARN_UNUSED_FUNCTION = YES;
				GCC_WARN_UNUSED_VARIABLE = YES;
				IPHONEOS_DEPLOYMENT_TARGET = 17.0;
				LOCALIZATION_PREFERS_STRING_CATALOGS = YES;
				MTL_ENABLE_DEBUG_INFO = INCLUDE_SOURCE;
				MTL_FAST_MATH = YES;
				ONLY_ACTIVE_ARCH = YES;
				SDKROOT = iphoneos;
				SWIFT_ACTIVE_COMPILATION_CONDITIONS = "DEBUG $(inherited)";
				SWIFT_OPTIMIZATION_LEVEL = "-Onone";
			};
			name = Debug;
		};
		87D7C83B2AFEEFF0001CC081 /* Release */ = {
			isa = XCBuildConfiguration;
			buildSettings = {
				ALWAYS_SEARCH_USER_PATHS = NO;
				ASSETCATALOG_COMPILER_GENERATE_SWIFT_ASSET_SYMBOL_EXTENSIONS = YES;
				CLANG_ANALYZER_NONNULL = YES;
				CLANG_ANALYZER_NUMBER_OBJECT_CONVERSION = YES_AGGRESSIVE;
				CLANG_CXX_LANGUAGE_STANDARD = "gnu++20";
				CLANG_ENABLE_MODULES = YES;
				CLANG_ENABLE_OBJC_ARC = YES;
				CLANG_ENABLE_OBJC_WEAK = YES;
				CLANG_WARN_BLOCK_CAPTURE_AUTORELEASING = YES;
				CLANG_WARN_BOOL_CONVERSION = YES;
				CLANG_WARN_COMMA = YES;
				CLANG_WARN_CONSTANT_CONVERSION = YES;
				CLANG_WARN_DEPRECATED_OBJC_IMPLEMENTATIONS = YES;
				CLANG_WARN_DIRECT_OBJC_ISA_USAGE = YES_ERROR;
				CLANG_WARN_DOCUMENTATION_COMMENTS = YES;
				CLANG_WARN_EMPTY_BODY = YES;
				CLANG_WARN_ENUM_CONVERSION = YES;
				CLANG_WARN_INFINITE_RECURSION = YES;
				CLANG_WARN_INT_CONVERSION = YES;
				CLANG_WARN_NON_LITERAL_NULL_CONVERSION = YES;
				CLANG_WARN_OBJC_IMPLICIT_RETAIN_SELF = YES;
				CLANG_WARN_OBJC_LITERAL_CONVERSION = YES;
				CLANG_WARN_OBJC_ROOT_CLASS = YES_ERROR;
				CLANG_WARN_QUOTED_INCLUDE_IN_FRAMEWORK_HEADER = YES;
				CLANG_WARN_RANGE_LOOP_ANALYSIS = YES;
				CLANG_WARN_STRICT_PROTOTYPES = YES;
				CLANG_WARN_SUSPICIOUS_MOVE = YES;
				CLANG_WARN_UNGUARDED_AVAILABILITY = YES_AGGRESSIVE;
				CLANG_WARN_UNREACHABLE_CODE = YES;
				CLANG_WARN__DUPLICATE_METHOD_MATCH = YES;
				COPY_PHASE_STRIP = NO;
				DEBUG_INFORMATION_FORMAT = "dwarf-with-dsym";
				ENABLE_NS_ASSERTIONS = NO;
				ENABLE_STRICT_OBJC_MSGSEND = YES;
				ENABLE_USER_SCRIPT_SANDBOXING = YES;
				GCC_C_LANGUAGE_STANDARD = gnu17;
				GCC_NO_COMMON_BLOCKS = YES;
				GCC_WARN_64_TO_32_BIT_CONVERSION = YES;
				GCC_WARN_ABOUT_RETURN_TYPE = YES_ERROR;
				GCC_WARN_UNDECLARED_SELECTOR = YES;
				GCC_WARN_UNINITIALIZED_AUTOS = YES_AGGRESSIVE;
				GCC_WARN_UNUSED_FUNCTION = YES;
				GCC_WARN_UNUSED_VARIABLE = YES;
				IPHONEOS_DEPLOYMENT_TARGET = 17.0;
				LOCALIZATION_PREFERS_STRING_CATALOGS = YES;
				MTL_ENABLE_DEBUG_INFO = NO;
				MTL_FAST_MATH = YES;
				SDKROOT = iphoneos;
				SWIFT_COMPILATION_MODE = wholemodule;
				VALIDATE_PRODUCT = YES;
			};
			name = Release;
		};
		87D7C83D2AFEEFF0001CC081 /* Debug */ = {
			isa = XCBuildConfiguration;
			buildSettings = {
				ASSETCATALOG_COMPILER_APPICON_NAME = AppIcon;
				ASSETCATALOG_COMPILER_GLOBAL_ACCENT_COLOR_NAME = AccentColor;
				CODE_SIGN_STYLE = Automatic;
				CURRENT_PROJECT_VERSION = 1;
				DEVELOPMENT_ASSET_PATHS = "\"Recipe/Preview Content\"";
				DEVELOPMENT_TEAM = 6Q95QLZS6W;
				ENABLE_PREVIEWS = YES;
				GENERATE_INFOPLIST_FILE = YES;
				INFOPLIST_KEY_UIApplicationSceneManifest_Generation = YES;
				INFOPLIST_KEY_UIApplicationSupportsIndirectInputEvents = YES;
				INFOPLIST_KEY_UILaunchScreen_Generation = YES;
				INFOPLIST_KEY_UISupportedInterfaceOrientations_iPad = "UIInterfaceOrientationPortrait UIInterfaceOrientationPortraitUpsideDown UIInterfaceOrientationLandscapeLeft UIInterfaceOrientationLandscapeRight";
				INFOPLIST_KEY_UISupportedInterfaceOrientations_iPhone = "UIInterfaceOrientationPortrait UIInterfaceOrientationLandscapeLeft UIInterfaceOrientationLandscapeRight";
				LD_RUNPATH_SEARCH_PATHS = (
					"$(inherited)",
					"@executable_path/Frameworks",
				);
				MARKETING_VERSION = 1.0;
				PRODUCT_BUNDLE_IDENTIFIER = com.kruthay.donapati.Recipe;
				PRODUCT_NAME = "$(TARGET_NAME)";
				SWIFT_EMIT_LOC_STRINGS = YES;
				SWIFT_VERSION = 5.0;
				TARGETED_DEVICE_FAMILY = "1,2";
			};
			name = Debug;
		};
		87D7C83E2AFEEFF0001CC081 /* Release */ = {
			isa = XCBuildConfiguration;
			buildSettings = {
				ASSETCATALOG_COMPILER_APPICON_NAME = AppIcon;
				ASSETCATALOG_COMPILER_GLOBAL_ACCENT_COLOR_NAME = AccentColor;
				CODE_SIGN_STYLE = Automatic;
				CURRENT_PROJECT_VERSION = 1;
				DEVELOPMENT_ASSET_PATHS = "\"Recipe/Preview Content\"";
				DEVELOPMENT_TEAM = 6Q95QLZS6W;
				ENABLE_PREVIEWS = YES;
				GENERATE_INFOPLIST_FILE = YES;
				INFOPLIST_KEY_UIApplicationSceneManifest_Generation = YES;
				INFOPLIST_KEY_UIApplicationSupportsIndirectInputEvents = YES;
				INFOPLIST_KEY_UILaunchScreen_Generation = YES;
				INFOPLIST_KEY_UISupportedInterfaceOrientations_iPad = "UIInterfaceOrientationPortrait UIInterfaceOrientationPortraitUpsideDown UIInterfaceOrientationLandscapeLeft UIInterfaceOrientationLandscapeRight";
				INFOPLIST_KEY_UISupportedInterfaceOrientations_iPhone = "UIInterfaceOrientationPortrait UIInterfaceOrientationLandscapeLeft UIInterfaceOrientationLandscapeRight";
				LD_RUNPATH_SEARCH_PATHS = (
					"$(inherited)",
					"@executable_path/Frameworks",
				);
				MARKETING_VERSION = 1.0;
				PRODUCT_BUNDLE_IDENTIFIER = com.kruthay.donapati.Recipe;
				PRODUCT_NAME = "$(TARGET_NAME)";
				SWIFT_EMIT_LOC_STRINGS = YES;
				SWIFT_VERSION = 5.0;
				TARGETED_DEVICE_FAMILY = "1,2";
			};
			name = Release;
		};
		87D7C8402AFEEFF0001CC081 /* Debug */ = {
			isa = XCBuildConfiguration;
			buildSettings = {
				ALWAYS_EMBED_SWIFT_STANDARD_LIBRARIES = YES;
				BUNDLE_LOADER = "$(TEST_HOST)";
				CODE_SIGN_STYLE = Automatic;
				CURRENT_PROJECT_VERSION = 1;
				DEVELOPMENT_TEAM = 6Q95QLZS6W;
				GENERATE_INFOPLIST_FILE = YES;
				IPHONEOS_DEPLOYMENT_TARGET = 17.0;
				MARKETING_VERSION = 1.0;
				PRODUCT_BUNDLE_IDENTIFIER = com.kruthay.donapati.RecipeTests;
				PRODUCT_NAME = "$(TARGET_NAME)";
				SWIFT_EMIT_LOC_STRINGS = NO;
				SWIFT_VERSION = 5.0;
				TARGETED_DEVICE_FAMILY = "1,2";
				TEST_HOST = "$(BUILT_PRODUCTS_DIR)/Recipe.app/$(BUNDLE_EXECUTABLE_FOLDER_PATH)/Recipe";
			};
			name = Debug;
		};
		87D7C8412AFEEFF0001CC081 /* Release */ = {
			isa = XCBuildConfiguration;
			buildSettings = {
				ALWAYS_EMBED_SWIFT_STANDARD_LIBRARIES = YES;
				BUNDLE_LOADER = "$(TEST_HOST)";
				CODE_SIGN_STYLE = Automatic;
				CURRENT_PROJECT_VERSION = 1;
				DEVELOPMENT_TEAM = 6Q95QLZS6W;
				GENERATE_INFOPLIST_FILE = YES;
				IPHONEOS_DEPLOYMENT_TARGET = 17.0;
				MARKETING_VERSION = 1.0;
				PRODUCT_BUNDLE_IDENTIFIER = com.kruthay.donapati.RecipeTests;
				PRODUCT_NAME = "$(TARGET_NAME)";
				SWIFT_EMIT_LOC_STRINGS = NO;
				SWIFT_VERSION = 5.0;
				TARGETED_DEVICE_FAMILY = "1,2";
				TEST_HOST = "$(BUILT_PRODUCTS_DIR)/Recipe.app/$(BUNDLE_EXECUTABLE_FOLDER_PATH)/Recipe";
			};
			name = Release;
		};
		87D7C8432AFEEFF0001CC081 /* Debug */ = {
			isa = XCBuildConfiguration;
			buildSettings = {
				ALWAYS_EMBED_SWIFT_STANDARD_LIBRARIES = YES;
				CODE_SIGN_STYLE = Automatic;
				CURRENT_PROJECT_VERSION = 1;
				DEVELOPMENT_TEAM = 6Q95QLZS6W;
				GENERATE_INFOPLIST_FILE = YES;
				MARKETING_VERSION = 1.0;
				PRODUCT_BUNDLE_IDENTIFIER = com.kruthay.donapati.RecipeUITests;
				PRODUCT_NAME = "$(TARGET_NAME)";
				SWIFT_EMIT_LOC_STRINGS = NO;
				SWIFT_VERSION = 5.0;
				TARGETED_DEVICE_FAMILY = "1,2";
				TEST_TARGET_NAME = Recipe;
			};
			name = Debug;
		};
		87D7C8442AFEEFF0001CC081 /* Release */ = {
			isa = XCBuildConfiguration;
			buildSettings = {
				ALWAYS_EMBED_SWIFT_STANDARD_LIBRARIES = YES;
				CODE_SIGN_STYLE = Automatic;
				CURRENT_PROJECT_VERSION = 1;
				DEVELOPMENT_TEAM = 6Q95QLZS6W;
				GENERATE_INFOPLIST_FILE = YES;
				MARKETING_VERSION = 1.0;
				PRODUCT_BUNDLE_IDENTIFIER = com.kruthay.donapati.RecipeUITests;
				PRODUCT_NAME = "$(TARGET_NAME)";
				SWIFT_EMIT_LOC_STRINGS = NO;
				SWIFT_VERSION = 5.0;
				TARGETED_DEVICE_FAMILY = "1,2";
				TEST_TARGET_NAME = Recipe;
			};
			name = Release;
		};
/* End XCBuildConfiguration section */

/* Begin XCConfigurationList section */
		87D7C8112AFEEFEE001CC081 /* Build configuration list for PBXProject "Recipe" */ = {
			isa = XCConfigurationList;
			buildConfigurations = (
				87D7C83A2AFEEFF0001CC081 /* Debug */,
				87D7C83B2AFEEFF0001CC081 /* Release */,
			);
			defaultConfigurationIsVisible = 0;
			defaultConfigurationName = Release;
		};
		87D7C83C2AFEEFF0001CC081 /* Build configuration list for PBXNativeTarget "Recipe" */ = {
			isa = XCConfigurationList;
			buildConfigurations = (
				87D7C83D2AFEEFF0001CC081 /* Debug */,
				87D7C83E2AFEEFF0001CC081 /* Release */,
			);
			defaultConfigurationIsVisible = 0;
			defaultConfigurationName = Release;
		};
		87D7C83F2AFEEFF0001CC081 /* Build configuration list for PBXNativeTarget "RecipeTests" */ = {
			isa = XCConfigurationList;
			buildConfigurations = (
				87D7C8402AFEEFF0001CC081 /* Debug */,
				87D7C8412AFEEFF0001CC081 /* Release */,
			);
			defaultConfigurationIsVisible = 0;
			defaultConfigurationName = Release;
		};
		87D7C8422AFEEFF0001CC081 /* Build configuration list for PBXNativeTarget "RecipeUITests" */ = {
			isa = XCConfigurationList;
			buildConfigurations = (
				87D7C8432AFEEFF0001CC081 /* Debug */,
				87D7C8442AFEEFF0001CC081 /* Release */,
			);
			defaultConfigurationIsVisible = 0;
			defaultConfigurationName = Release;
		};
/* End XCConfigurationList section */
	};
	rootObject = 87D7C80E2AFEEFEE001CC081 /* Project object */;
}
